// !$*UTF8*$!
{
	archiveVersion = 1;
	classes = {
	};
	objectVersion = 55;
	objects = {

/* Begin PBXBuildFile section */
		4A1A1E13289E670200FCC479 /* UIColor+.swift in Sources */ = {isa = PBXBuildFile; fileRef = 4A1A1E12289E670200FCC479 /* UIColor+.swift */; };
		4A634F3E289D9EA600F9AC42 /* AppDelegate.swift in Sources */ = {isa = PBXBuildFile; fileRef = 4A634F3D289D9EA600F9AC42 /* AppDelegate.swift */; };
		4A634F40289D9EA600F9AC42 /* SceneDelegate.swift in Sources */ = {isa = PBXBuildFile; fileRef = 4A634F3F289D9EA600F9AC42 /* SceneDelegate.swift */; };
		4A634F47289D9EA700F9AC42 /* Assets.xcassets in Resources */ = {isa = PBXBuildFile; fileRef = 4A634F46289D9EA700F9AC42 /* Assets.xcassets */; };
		4A634F4A289D9EA700F9AC42 /* LaunchScreen.storyboard in Resources */ = {isa = PBXBuildFile; fileRef = 4A634F48289D9EA700F9AC42 /* LaunchScreen.storyboard */; };
		4A634F5F289DA14900F9AC42 /* Network.swift in Sources */ = {isa = PBXBuildFile; fileRef = 4A634F5E289DA14900F9AC42 /* Network.swift */; };
		4A634F61289DA14F00F9AC42 /* Extension.swift in Sources */ = {isa = PBXBuildFile; fileRef = 4A634F60289DA14F00F9AC42 /* Extension.swift */; };
		4A634F63289DA15700F9AC42 /* Image.swift in Sources */ = {isa = PBXBuildFile; fileRef = 4A634F62289DA15700F9AC42 /* Image.swift */; };
		4A634F65289DA68200F9AC42 /* Constant.swift in Sources */ = {isa = PBXBuildFile; fileRef = 4A634F64289DA68200F9AC42 /* Constant.swift */; };
		4A9916B8289F6D0600B329A7 /* TabBarController.swift in Sources */ = {isa = PBXBuildFile; fileRef = 4A9916B7289F6D0600B329A7 /* TabBarController.swift */; };
		4A9916BB289F6D5300B329A7 /* NeighborhoodViewController.swift in Sources */ = {isa = PBXBuildFile; fileRef = 4A9916BA289F6D5300B329A7 /* NeighborhoodViewController.swift */; };
		4A9916BD289F6D5D00B329A7 /* MyPlaceViewController.swift in Sources */ = {isa = PBXBuildFile; fileRef = 4A9916BC289F6D5D00B329A7 /* MyPlaceViewController.swift */; };
		4A9916BF289F6D6400B329A7 /* ChatViewController.swift in Sources */ = {isa = PBXBuildFile; fileRef = 4A9916BE289F6D6400B329A7 /* ChatViewController.swift */; };
		4A9916C1289F6D6B00B329A7 /* MyDaangnViewController.swift in Sources */ = {isa = PBXBuildFile; fileRef = 4A9916C0289F6D6B00B329A7 /* MyDaangnViewController.swift */; };
		4A9916C4289F6DD600B329A7 /* HomeViewController.swift in Sources */ = {isa = PBXBuildFile; fileRef = 4A9916C3289F6DD600B329A7 /* HomeViewController.swift */; };
		6C99098698419A3329642D41 /* Pods_DaangnMarket_iOS.framework in Frameworks */ = {isa = PBXBuildFile; fileRef = 7BF2CF822AE236AF6B3C16A2 /* Pods_DaangnMarket_iOS.framework */; };
/* End PBXBuildFile section */

/* Begin PBXFileReference section */
		4A1A1E12289E670200FCC479 /* UIColor+.swift */ = {isa = PBXFileReference; lastKnownFileType = sourcecode.swift; path = "UIColor+.swift"; sourceTree = "<group>"; };
		4A634F3A289D9EA600F9AC42 /* DaangnMarket-iOS.app */ = {isa = PBXFileReference; explicitFileType = wrapper.application; includeInIndex = 0; path = "DaangnMarket-iOS.app"; sourceTree = BUILT_PRODUCTS_DIR; };
		4A634F3D289D9EA600F9AC42 /* AppDelegate.swift */ = {isa = PBXFileReference; lastKnownFileType = sourcecode.swift; path = AppDelegate.swift; sourceTree = "<group>"; };
		4A634F3F289D9EA600F9AC42 /* SceneDelegate.swift */ = {isa = PBXFileReference; lastKnownFileType = sourcecode.swift; path = SceneDelegate.swift; sourceTree = "<group>"; };
		4A634F46289D9EA700F9AC42 /* Assets.xcassets */ = {isa = PBXFileReference; lastKnownFileType = folder.assetcatalog; path = Assets.xcassets; sourceTree = "<group>"; };
		4A634F49289D9EA700F9AC42 /* Base */ = {isa = PBXFileReference; lastKnownFileType = file.storyboard; name = Base; path = Base.lproj/LaunchScreen.storyboard; sourceTree = "<group>"; };
		4A634F4B289D9EA700F9AC42 /* Info.plist */ = {isa = PBXFileReference; lastKnownFileType = text.plist.xml; path = Info.plist; sourceTree = "<group>"; };
		4A634F5E289DA14900F9AC42 /* Network.swift */ = {isa = PBXFileReference; lastKnownFileType = sourcecode.swift; path = Network.swift; sourceTree = "<group>"; };
		4A634F60289DA14F00F9AC42 /* Extension.swift */ = {isa = PBXFileReference; lastKnownFileType = sourcecode.swift; path = Extension.swift; sourceTree = "<group>"; };
		4A634F62289DA15700F9AC42 /* Image.swift */ = {isa = PBXFileReference; lastKnownFileType = sourcecode.swift; path = Image.swift; sourceTree = "<group>"; };
		4A634F64289DA68200F9AC42 /* Constant.swift */ = {isa = PBXFileReference; lastKnownFileType = sourcecode.swift; path = Constant.swift; sourceTree = "<group>"; };
		4A9916B7289F6D0600B329A7 /* TabBarController.swift */ = {isa = PBXFileReference; lastKnownFileType = sourcecode.swift; path = TabBarController.swift; sourceTree = "<group>"; };
		4A9916BA289F6D5300B329A7 /* NeighborhoodViewController.swift */ = {isa = PBXFileReference; lastKnownFileType = sourcecode.swift; path = NeighborhoodViewController.swift; sourceTree = "<group>"; };
		4A9916BC289F6D5D00B329A7 /* MyPlaceViewController.swift */ = {isa = PBXFileReference; lastKnownFileType = sourcecode.swift; path = MyPlaceViewController.swift; sourceTree = "<group>"; };
		4A9916BE289F6D6400B329A7 /* ChatViewController.swift */ = {isa = PBXFileReference; lastKnownFileType = sourcecode.swift; path = ChatViewController.swift; sourceTree = "<group>"; };
		4A9916C0289F6D6B00B329A7 /* MyDaangnViewController.swift */ = {isa = PBXFileReference; lastKnownFileType = sourcecode.swift; path = MyDaangnViewController.swift; sourceTree = "<group>"; };
		4A9916C3289F6DD600B329A7 /* HomeViewController.swift */ = {isa = PBXFileReference; lastKnownFileType = sourcecode.swift; path = HomeViewController.swift; sourceTree = "<group>"; };
		7BF2CF822AE236AF6B3C16A2 /* Pods_DaangnMarket_iOS.framework */ = {isa = PBXFileReference; explicitFileType = wrapper.framework; includeInIndex = 0; path = Pods_DaangnMarket_iOS.framework; sourceTree = BUILT_PRODUCTS_DIR; };
		AAB47FCD8D3CDC2F9B7FD785 /* Pods-DaangnMarket-iOS.debug.xcconfig */ = {isa = PBXFileReference; includeInIndex = 1; lastKnownFileType = text.xcconfig; name = "Pods-DaangnMarket-iOS.debug.xcconfig"; path = "Target Support Files/Pods-DaangnMarket-iOS/Pods-DaangnMarket-iOS.debug.xcconfig"; sourceTree = "<group>"; };
		CA8FC53D5EFADFF6FC41D95F /* Pods-DaangnMarket-iOS.release.xcconfig */ = {isa = PBXFileReference; includeInIndex = 1; lastKnownFileType = text.xcconfig; name = "Pods-DaangnMarket-iOS.release.xcconfig"; path = "Target Support Files/Pods-DaangnMarket-iOS/Pods-DaangnMarket-iOS.release.xcconfig"; sourceTree = "<group>"; };
/* End PBXFileReference section */

/* Begin PBXFrameworksBuildPhase section */
		4A634F37289D9EA600F9AC42 /* Frameworks */ = {
			isa = PBXFrameworksBuildPhase;
			buildActionMask = 2147483647;
			files = (
				6C99098698419A3329642D41 /* Pods_DaangnMarket_iOS.framework in Frameworks */,
			);
			runOnlyForDeploymentPostprocessing = 0;
		};
/* End PBXFrameworksBuildPhase section */

/* Begin PBXGroup section */
		06C3D5A006D82DE4FBA1255F /* Frameworks */ = {
			isa = PBXGroup;
			children = (
				7BF2CF822AE236AF6B3C16A2 /* Pods_DaangnMarket_iOS.framework */,
			);
			name = Frameworks;
			sourceTree = "<group>";
		};
		2A49ED7CE11B18BA0B17DBAD /* Pods */ = {
			isa = PBXGroup;
			children = (
				AAB47FCD8D3CDC2F9B7FD785 /* Pods-DaangnMarket-iOS.debug.xcconfig */,
				CA8FC53D5EFADFF6FC41D95F /* Pods-DaangnMarket-iOS.release.xcconfig */,
			);
			path = Pods;
			sourceTree = "<group>";
		};
		4A634F31289D9EA600F9AC42 = {
			isa = PBXGroup;
			children = (
				4A634F3C289D9EA600F9AC42 /* DaangnMarket-iOS */,
				4A634F3B289D9EA600F9AC42 /* Products */,
				2A49ED7CE11B18BA0B17DBAD /* Pods */,
				06C3D5A006D82DE4FBA1255F /* Frameworks */,
			);
			sourceTree = "<group>";
		};
		4A634F3B289D9EA600F9AC42 /* Products */ = {
			isa = PBXGroup;
			children = (
				4A634F3A289D9EA600F9AC42 /* DaangnMarket-iOS.app */,
			);
			name = Products;
			sourceTree = "<group>";
		};
		4A634F3C289D9EA600F9AC42 /* DaangnMarket-iOS */ = {
			isa = PBXGroup;
			children = (
				4A634F51289D9FA600F9AC42 /* Global */,
				4A634F54289D9FEC00F9AC42 /* Network */,
				4A634F55289D9FF700F9AC42 /* Screen */,
				4A634F56289D9FFD00F9AC42 /* Resoruce */,
			);
			path = "DaangnMarket-iOS";
			sourceTree = "<group>";
		};
		4A634F51289D9FA600F9AC42 /* Global */ = {
			isa = PBXGroup;
			children = (
				4A634F53289D9FDB00F9AC42 /* Extension */,
				4A634F52289D9FD400F9AC42 /* Constant */,
			);
			path = Global;
			sourceTree = "<group>";
		};
		4A634F52289D9FD400F9AC42 /* Constant */ = {
			isa = PBXGroup;
			children = (
				4A634F64289DA68200F9AC42 /* Constant.swift */,
				4A634F62289DA15700F9AC42 /* Image.swift */,
			);
			path = Constant;
			sourceTree = "<group>";
		};
		4A634F53289D9FDB00F9AC42 /* Extension */ = {
			isa = PBXGroup;
			children = (
				4A634F60289DA14F00F9AC42 /* Extension.swift */,
				4A1A1E12289E670200FCC479 /* UIColor+.swift */,
			);
			path = Extension;
			sourceTree = "<group>";
		};
		4A634F54289D9FEC00F9AC42 /* Network */ = {
			isa = PBXGroup;
			children = (
				4A634F5E289DA14900F9AC42 /* Network.swift */,
			);
			path = Network;
			sourceTree = "<group>";
		};
		4A634F55289D9FF700F9AC42 /* Screen */ = {
			isa = PBXGroup;
			children = (
				4A9916B3289F6CE200B329A7 /* TabBar */,
				4A9916B4289F6CE800B329A7 /* Others */,
				4A9916B5289F6CEC00B329A7 /* Home */,
			);
			path = Screen;
			sourceTree = "<group>";
		};
		4A634F56289D9FFD00F9AC42 /* Resoruce */ = {
			isa = PBXGroup;
			children = (
				4A634F5A289DA06A00F9AC42 /* Color */,
				4A634F59289DA04800F9AC42 /* Asset */,
				4A634F58289DA03300F9AC42 /* Storyboard */,
				4A634F57289DA02800F9AC42 /* Support */,
			);
			path = Resoruce;
			sourceTree = "<group>";
		};
		4A634F57289DA02800F9AC42 /* Support */ = {
			isa = PBXGroup;
			children = (
				4A634F4B289D9EA700F9AC42 /* Info.plist */,
				4A634F3D289D9EA600F9AC42 /* AppDelegate.swift */,
				4A634F3F289D9EA600F9AC42 /* SceneDelegate.swift */,
			);
			path = Support;
			sourceTree = "<group>";
		};
		4A634F58289DA03300F9AC42 /* Storyboard */ = {
			isa = PBXGroup;
			children = (
				4A634F48289D9EA700F9AC42 /* LaunchScreen.storyboard */,
			);
			path = Storyboard;
			sourceTree = "<group>";
		};
		4A634F59289DA04800F9AC42 /* Asset */ = {
			isa = PBXGroup;
			children = (
				4A634F46289D9EA700F9AC42 /* Assets.xcassets */,
			);
			path = Asset;
			sourceTree = "<group>";
		};
		4A634F5A289DA06A00F9AC42 /* Color */ = {
			isa = PBXGroup;
			children = (
			);
			path = Color;
			sourceTree = "<group>";
		};
		4A9916B3289F6CE200B329A7 /* TabBar */ = {
			isa = PBXGroup;
			children = (
				4A9916B6289F6CEF00B329A7 /* Controller */,
			);
			path = TabBar;
			sourceTree = "<group>";
		};
		4A9916B4289F6CE800B329A7 /* Others */ = {
			isa = PBXGroup;
			children = (
				4A9916B9289F6D2700B329A7 /* Controller */,
			);
			path = Others;
			sourceTree = "<group>";
		};
		4A9916B5289F6CEC00B329A7 /* Home */ = {
			isa = PBXGroup;
			children = (
				4A9916C2289F6DCE00B329A7 /* Controller */,
			);
			path = Home;
			sourceTree = "<group>";
		};
		4A9916B6289F6CEF00B329A7 /* Controller */ = {
			isa = PBXGroup;
			children = (
				4A9916B7289F6D0600B329A7 /* TabBarController.swift */,
			);
			path = Controller;
			sourceTree = "<group>";
		};
		4A9916B9289F6D2700B329A7 /* Controller */ = {
			isa = PBXGroup;
			children = (
				4A9916BA289F6D5300B329A7 /* NeighborhoodViewController.swift */,
				4A9916BC289F6D5D00B329A7 /* MyPlaceViewController.swift */,
				4A9916BE289F6D6400B329A7 /* ChatViewController.swift */,
				4A9916C0289F6D6B00B329A7 /* MyDaangnViewController.swift */,
			);
			path = Controller;
			sourceTree = "<group>";
		};
		4A9916C2289F6DCE00B329A7 /* Controller */ = {
			isa = PBXGroup;
			children = (
				4A9916C3289F6DD600B329A7 /* HomeViewController.swift */,
			);
			path = Controller;
			sourceTree = "<group>";
		};
/* End PBXGroup section */

/* Begin PBXNativeTarget section */
		4A634F39289D9EA600F9AC42 /* DaangnMarket-iOS */ = {
			isa = PBXNativeTarget;
			buildConfigurationList = 4A634F4E289D9EA700F9AC42 /* Build configuration list for PBXNativeTarget "DaangnMarket-iOS" */;
			buildPhases = (
				BCC92E15B3874B7203D0A15B /* [CP] Check Pods Manifest.lock */,
				4A634F36289D9EA600F9AC42 /* Sources */,
				4A634F37289D9EA600F9AC42 /* Frameworks */,
				4A634F38289D9EA600F9AC42 /* Resources */,
				70E03D5958ACD30ED6194F5A /* [CP] Embed Pods Frameworks */,
			);
			buildRules = (
			);
			dependencies = (
			);
			name = "DaangnMarket-iOS";
			productName = "DaangnMarket-iOS";
			productReference = 4A634F3A289D9EA600F9AC42 /* DaangnMarket-iOS.app */;
			productType = "com.apple.product-type.application";
		};
/* End PBXNativeTarget section */

/* Begin PBXProject section */
		4A634F32289D9EA600F9AC42 /* Project object */ = {
			isa = PBXProject;
			attributes = {
				BuildIndependentTargetsInParallel = 1;
				LastSwiftUpdateCheck = 1340;
				LastUpgradeCheck = 1340;
				TargetAttributes = {
					4A634F39289D9EA600F9AC42 = {
						CreatedOnToolsVersion = 13.4.1;
					};
				};
			};
			buildConfigurationList = 4A634F35289D9EA600F9AC42 /* Build configuration list for PBXProject "DaangnMarket-iOS" */;
			compatibilityVersion = "Xcode 13.0";
			developmentRegion = en;
			hasScannedForEncodings = 0;
			knownRegions = (
				en,
				Base,
			);
			mainGroup = 4A634F31289D9EA600F9AC42;
			productRefGroup = 4A634F3B289D9EA600F9AC42 /* Products */;
			projectDirPath = "";
			projectRoot = "";
			targets = (
				4A634F39289D9EA600F9AC42 /* DaangnMarket-iOS */,
			);
		};
/* End PBXProject section */

/* Begin PBXResourcesBuildPhase section */
		4A634F38289D9EA600F9AC42 /* Resources */ = {
			isa = PBXResourcesBuildPhase;
			buildActionMask = 2147483647;
			files = (
				4A634F4A289D9EA700F9AC42 /* LaunchScreen.storyboard in Resources */,
				4A634F47289D9EA700F9AC42 /* Assets.xcassets in Resources */,
			);
			runOnlyForDeploymentPostprocessing = 0;
		};
/* End PBXResourcesBuildPhase section */

/* Begin PBXShellScriptBuildPhase section */
		70E03D5958ACD30ED6194F5A /* [CP] Embed Pods Frameworks */ = {
			isa = PBXShellScriptBuildPhase;
			buildActionMask = 2147483647;
			files = (
			);
			inputFileListPaths = (
				"${PODS_ROOT}/Target Support Files/Pods-DaangnMarket-iOS/Pods-DaangnMarket-iOS-frameworks-${CONFIGURATION}-input-files.xcfilelist",
			);
			name = "[CP] Embed Pods Frameworks";
			outputFileListPaths = (
				"${PODS_ROOT}/Target Support Files/Pods-DaangnMarket-iOS/Pods-DaangnMarket-iOS-frameworks-${CONFIGURATION}-output-files.xcfilelist",
			);
			runOnlyForDeploymentPostprocessing = 0;
			shellPath = /bin/sh;
			shellScript = "\"${PODS_ROOT}/Target Support Files/Pods-DaangnMarket-iOS/Pods-DaangnMarket-iOS-frameworks.sh\"\n";
			showEnvVarsInLog = 0;
		};
		BCC92E15B3874B7203D0A15B /* [CP] Check Pods Manifest.lock */ = {
			isa = PBXShellScriptBuildPhase;
			buildActionMask = 2147483647;
			files = (
			);
			inputFileListPaths = (
			);
			inputPaths = (
				"${PODS_PODFILE_DIR_PATH}/Podfile.lock",
				"${PODS_ROOT}/Manifest.lock",
			);
			name = "[CP] Check Pods Manifest.lock";
			outputFileListPaths = (
			);
			outputPaths = (
				"$(DERIVED_FILE_DIR)/Pods-DaangnMarket-iOS-checkManifestLockResult.txt",
			);
			runOnlyForDeploymentPostprocessing = 0;
			shellPath = /bin/sh;
			shellScript = "diff \"${PODS_PODFILE_DIR_PATH}/Podfile.lock\" \"${PODS_ROOT}/Manifest.lock\" > /dev/null\nif [ $? != 0 ] ; then\n    # print error to STDERR\n    echo \"error: The sandbox is not in sync with the Podfile.lock. Run 'pod install' or update your CocoaPods installation.\" >&2\n    exit 1\nfi\n# This output is used by Xcode 'outputs' to avoid re-running this script phase.\necho \"SUCCESS\" > \"${SCRIPT_OUTPUT_FILE_0}\"\n";
			showEnvVarsInLog = 0;
		};
/* End PBXShellScriptBuildPhase section */

/* Begin PBXSourcesBuildPhase section */
		4A634F36289D9EA600F9AC42 /* Sources */ = {
			isa = PBXSourcesBuildPhase;
			buildActionMask = 2147483647;
			files = (
				4A9916BB289F6D5300B329A7 /* NeighborhoodViewController.swift in Sources */,
				4A9916C1289F6D6B00B329A7 /* MyDaangnViewController.swift in Sources */,
				4A634F65289DA68200F9AC42 /* Constant.swift in Sources */,
				4A9916BF289F6D6400B329A7 /* ChatViewController.swift in Sources */,
				4A9916B8289F6D0600B329A7 /* TabBarController.swift in Sources */,
				4A634F61289DA14F00F9AC42 /* Extension.swift in Sources */,
				4A634F3E289D9EA600F9AC42 /* AppDelegate.swift in Sources */,
				4A634F40289D9EA600F9AC42 /* SceneDelegate.swift in Sources */,
				4A9916BD289F6D5D00B329A7 /* MyPlaceViewController.swift in Sources */,
				4A634F5F289DA14900F9AC42 /* Network.swift in Sources */,
				4A1A1E13289E670200FCC479 /* UIColor+.swift in Sources */,
				4A9916C4289F6DD600B329A7 /* HomeViewController.swift in Sources */,
				4A634F63289DA15700F9AC42 /* Image.swift in Sources */,
			);
			runOnlyForDeploymentPostprocessing = 0;
		};
/* End PBXSourcesBuildPhase section */

/* Begin PBXVariantGroup section */
		4A634F48289D9EA700F9AC42 /* LaunchScreen.storyboard */ = {
			isa = PBXVariantGroup;
			children = (
				4A634F49289D9EA700F9AC42 /* Base */,
			);
			name = LaunchScreen.storyboard;
			sourceTree = "<group>";
		};
/* End PBXVariantGroup section */

/* Begin XCBuildConfiguration section */
		4A634F4C289D9EA700F9AC42 /* Debug */ = {
			isa = XCBuildConfiguration;
			buildSettings = {
				ALWAYS_SEARCH_USER_PATHS = NO;
				CLANG_ANALYZER_NONNULL = YES;
				CLANG_ANALYZER_NUMBER_OBJECT_CONVERSION = YES_AGGRESSIVE;
				CLANG_CXX_LANGUAGE_STANDARD = "gnu++17";
				CLANG_ENABLE_MODULES = YES;
				CLANG_ENABLE_OBJC_ARC = YES;
				CLANG_ENABLE_OBJC_WEAK = YES;
				CLANG_WARN_BLOCK_CAPTURE_AUTORELEASING = YES;
				CLANG_WARN_BOOL_CONVERSION = YES;
				CLANG_WARN_COMMA = YES;
				CLANG_WARN_CONSTANT_CONVERSION = YES;
				CLANG_WARN_DEPRECATED_OBJC_IMPLEMENTATIONS = YES;
				CLANG_WARN_DIRECT_OBJC_ISA_USAGE = YES_ERROR;
				CLANG_WARN_DOCUMENTATION_COMMENTS = YES;
				CLANG_WARN_EMPTY_BODY = YES;
				CLANG_WARN_ENUM_CONVERSION = YES;
				CLANG_WARN_INFINITE_RECURSION = YES;
				CLANG_WARN_INT_CONVERSION = YES;
				CLANG_WARN_NON_LITERAL_NULL_CONVERSION = YES;
				CLANG_WARN_OBJC_IMPLICIT_RETAIN_SELF = YES;
				CLANG_WARN_OBJC_LITERAL_CONVERSION = YES;
				CLANG_WARN_OBJC_ROOT_CLASS = YES_ERROR;
				CLANG_WARN_QUOTED_INCLUDE_IN_FRAMEWORK_HEADER = YES;
				CLANG_WARN_RANGE_LOOP_ANALYSIS = YES;
				CLANG_WARN_STRICT_PROTOTYPES = YES;
				CLANG_WARN_SUSPICIOUS_MOVE = YES;
				CLANG_WARN_UNGUARDED_AVAILABILITY = YES_AGGRESSIVE;
				CLANG_WARN_UNREACHABLE_CODE = YES;
				CLANG_WARN__DUPLICATE_METHOD_MATCH = YES;
				COPY_PHASE_STRIP = NO;
				DEBUG_INFORMATION_FORMAT = dwarf;
				ENABLE_STRICT_OBJC_MSGSEND = YES;
				ENABLE_TESTABILITY = YES;
				GCC_C_LANGUAGE_STANDARD = gnu11;
				GCC_DYNAMIC_NO_PIC = NO;
				GCC_NO_COMMON_BLOCKS = YES;
				GCC_OPTIMIZATION_LEVEL = 0;
				GCC_PREPROCESSOR_DEFINITIONS = (
					"DEBUG=1",
					"$(inherited)",
				);
				GCC_WARN_64_TO_32_BIT_CONVERSION = YES;
				GCC_WARN_ABOUT_RETURN_TYPE = YES_ERROR;
				GCC_WARN_UNDECLARED_SELECTOR = YES;
				GCC_WARN_UNINITIALIZED_AUTOS = YES_AGGRESSIVE;
				GCC_WARN_UNUSED_FUNCTION = YES;
				GCC_WARN_UNUSED_VARIABLE = YES;
				IPHONEOS_DEPLOYMENT_TARGET = 15.5;
				MTL_ENABLE_DEBUG_INFO = INCLUDE_SOURCE;
				MTL_FAST_MATH = YES;
				ONLY_ACTIVE_ARCH = YES;
				SDKROOT = iphoneos;
				SWIFT_ACTIVE_COMPILATION_CONDITIONS = DEBUG;
				SWIFT_OPTIMIZATION_LEVEL = "-Onone";
			};
			name = Debug;
		};
		4A634F4D289D9EA700F9AC42 /* Release */ = {
			isa = XCBuildConfiguration;
			buildSettings = {
				ALWAYS_SEARCH_USER_PATHS = NO;
				CLANG_ANALYZER_NONNULL = YES;
				CLANG_ANALYZER_NUMBER_OBJECT_CONVERSION = YES_AGGRESSIVE;
				CLANG_CXX_LANGUAGE_STANDARD = "gnu++17";
				CLANG_ENABLE_MODULES = YES;
				CLANG_ENABLE_OBJC_ARC = YES;
				CLANG_ENABLE_OBJC_WEAK = YES;
				CLANG_WARN_BLOCK_CAPTURE_AUTORELEASING = YES;
				CLANG_WARN_BOOL_CONVERSION = YES;
				CLANG_WARN_COMMA = YES;
				CLANG_WARN_CONSTANT_CONVERSION = YES;
				CLANG_WARN_DEPRECATED_OBJC_IMPLEMENTATIONS = YES;
				CLANG_WARN_DIRECT_OBJC_ISA_USAGE = YES_ERROR;
				CLANG_WARN_DOCUMENTATION_COMMENTS = YES;
				CLANG_WARN_EMPTY_BODY = YES;
				CLANG_WARN_ENUM_CONVERSION = YES;
				CLANG_WARN_INFINITE_RECURSION = YES;
				CLANG_WARN_INT_CONVERSION = YES;
				CLANG_WARN_NON_LITERAL_NULL_CONVERSION = YES;
				CLANG_WARN_OBJC_IMPLICIT_RETAIN_SELF = YES;
				CLANG_WARN_OBJC_LITERAL_CONVERSION = YES;
				CLANG_WARN_OBJC_ROOT_CLASS = YES_ERROR;
				CLANG_WARN_QUOTED_INCLUDE_IN_FRAMEWORK_HEADER = YES;
				CLANG_WARN_RANGE_LOOP_ANALYSIS = YES;
				CLANG_WARN_STRICT_PROTOTYPES = YES;
				CLANG_WARN_SUSPICIOUS_MOVE = YES;
				CLANG_WARN_UNGUARDED_AVAILABILITY = YES_AGGRESSIVE;
				CLANG_WARN_UNREACHABLE_CODE = YES;
				CLANG_WARN__DUPLICATE_METHOD_MATCH = YES;
				COPY_PHASE_STRIP = NO;
				DEBUG_INFORMATION_FORMAT = "dwarf-with-dsym";
				ENABLE_NS_ASSERTIONS = NO;
				ENABLE_STRICT_OBJC_MSGSEND = YES;
				GCC_C_LANGUAGE_STANDARD = gnu11;
				GCC_NO_COMMON_BLOCKS = YES;
				GCC_WARN_64_TO_32_BIT_CONVERSION = YES;
				GCC_WARN_ABOUT_RETURN_TYPE = YES_ERROR;
				GCC_WARN_UNDECLARED_SELECTOR = YES;
				GCC_WARN_UNINITIALIZED_AUTOS = YES_AGGRESSIVE;
				GCC_WARN_UNUSED_FUNCTION = YES;
				GCC_WARN_UNUSED_VARIABLE = YES;
				IPHONEOS_DEPLOYMENT_TARGET = 15.5;
				MTL_ENABLE_DEBUG_INFO = NO;
				MTL_FAST_MATH = YES;
				SDKROOT = iphoneos;
				SWIFT_COMPILATION_MODE = wholemodule;
				SWIFT_OPTIMIZATION_LEVEL = "-O";
				VALIDATE_PRODUCT = YES;
			};
			name = Release;
		};
		4A634F4F289D9EA700F9AC42 /* Debug */ = {
			isa = XCBuildConfiguration;
			baseConfigurationReference = AAB47FCD8D3CDC2F9B7FD785 /* Pods-DaangnMarket-iOS.debug.xcconfig */;
			buildSettings = {
				ASSETCATALOG_COMPILER_APPICON_NAME = AppIcon;
				ASSETCATALOG_COMPILER_GLOBAL_ACCENT_COLOR_NAME = AccentColor;
				CODE_SIGN_STYLE = Automatic;
				CURRENT_PROJECT_VERSION = 1;
				GENERATE_INFOPLIST_FILE = YES;
				INFOPLIST_FILE = "DaangnMarket-iOS/Resoruce/Support/Info.plist";
				INFOPLIST_KEY_UIApplicationSupportsIndirectInputEvents = YES;
				INFOPLIST_KEY_UILaunchStoryboardName = LaunchScreen;
				INFOPLIST_KEY_UISupportedInterfaceOrientations_iPad = "UIInterfaceOrientationPortrait UIInterfaceOrientationPortraitUpsideDown UIInterfaceOrientationLandscapeLeft UIInterfaceOrientationLandscapeRight";
				INFOPLIST_KEY_UISupportedInterfaceOrientations_iPhone = "UIInterfaceOrientationPortrait UIInterfaceOrientationLandscapeLeft UIInterfaceOrientationLandscapeRight";
				LD_RUNPATH_SEARCH_PATHS = (
					"$(inherited)",
					"@executable_path/Frameworks",
				);
				MARKETING_VERSION = 1.0;
				PRODUCT_BUNDLE_IDENTIFIER = "cchanmi.DaangnMarket-iOS";
				PRODUCT_NAME = "$(TARGET_NAME)";
				SWIFT_EMIT_LOC_STRINGS = YES;
				SWIFT_VERSION = 5.0;
				TARGETED_DEVICE_FAMILY = "1,2";
			};
			name = Debug;
		};
		4A634F50289D9EA700F9AC42 /* Release */ = {
			isa = XCBuildConfiguration;
			baseConfigurationReference = CA8FC53D5EFADFF6FC41D95F /* Pods-DaangnMarket-iOS.release.xcconfig */;
			buildSettings = {
				ASSETCATALOG_COMPILER_APPICON_NAME = AppIcon;
				ASSETCATALOG_COMPILER_GLOBAL_ACCENT_COLOR_NAME = AccentColor;
				CODE_SIGN_STYLE = Automatic;
				CURRENT_PROJECT_VERSION = 1;
				GENERATE_INFOPLIST_FILE = YES;
				INFOPLIST_FILE = "DaangnMarket-iOS/Resoruce/Support/Info.plist";
				INFOPLIST_KEY_UIApplicationSupportsIndirectInputEvents = YES;
				INFOPLIST_KEY_UILaunchStoryboardName = LaunchScreen;
				INFOPLIST_KEY_UISupportedInterfaceOrientations_iPad = "UIInterfaceOrientationPortrait UIInterfaceOrientationPortraitUpsideDown UIInterfaceOrientationLandscapeLeft UIInterfaceOrientationLandscapeRight";
				INFOPLIST_KEY_UISupportedInterfaceOrientations_iPhone = "UIInterfaceOrientationPortrait UIInterfaceOrientationLandscapeLeft UIInterfaceOrientationLandscapeRight";
				LD_RUNPATH_SEARCH_PATHS = (
					"$(inherited)",
					"@executable_path/Frameworks",
				);
				MARKETING_VERSION = 1.0;
				PRODUCT_BUNDLE_IDENTIFIER = "cchanmi.DaangnMarket-iOS";
				PRODUCT_NAME = "$(TARGET_NAME)";
				SWIFT_EMIT_LOC_STRINGS = YES;
				SWIFT_VERSION = 5.0;
				TARGETED_DEVICE_FAMILY = "1,2";
			};
			name = Release;
		};
/* End XCBuildConfiguration section */

/* Begin XCConfigurationList section */
		4A634F35289D9EA600F9AC42 /* Build configuration list for PBXProject "DaangnMarket-iOS" */ = {
			isa = XCConfigurationList;
			buildConfigurations = (
				4A634F4C289D9EA700F9AC42 /* Debug */,
				4A634F4D289D9EA700F9AC42 /* Release */,
			);
			defaultConfigurationIsVisible = 0;
			defaultConfigurationName = Release;
		};
		4A634F4E289D9EA700F9AC42 /* Build configuration list for PBXNativeTarget "DaangnMarket-iOS" */ = {
			isa = XCConfigurationList;
			buildConfigurations = (
				4A634F4F289D9EA700F9AC42 /* Debug */,
				4A634F50289D9EA700F9AC42 /* Release */,
			);
			defaultConfigurationIsVisible = 0;
			defaultConfigurationName = Release;
		};
/* End XCConfigurationList section */
	};
	rootObject = 4A634F32289D9EA600F9AC42 /* Project object */;
}
